
Microsoft Visual Studio Solution File, Format Version 12.00
# Visual Studio 15
VisualStudioVersion = 15.0.28307.421
MinimumVisualStudioVersion = 10.0.40219.1
Project("{FAE04EC0-301F-11D3-BF4B-00C04F79EFBC}") = "Biblionet", "Biblionet\Biblionet.csproj", "{0547D4D9-B5A7-4E6E-B059-46FDA1FD707E}"
EndProject
Project("{FAE04EC0-301F-11D3-BF4B-00C04F79EFBC}") = "BiblionetModel", "BiblionetModel\BiblionetModel.csproj", "{21743FFF-B9FB-421B-B50A-BA71EFFA7ED9}"
EndProject
Global
	GlobalSection(SolutionConfigurationPlatforms) = preSolution
		Debug|Any CPU = Debug|Any CPU
		Release|Any CPU = Release|Any CPU
	EndGlobalSection
	GlobalSection(ProjectConfigurationPlatforms) = postSolution
		{0547D4D9-B5A7-4E6E-B059-46FDA1FD707E}.Debug|Any CPU.ActiveCfg = Debug|Any CPU
		{0547D4D9-B5A7-4E6E-B059-46FDA1FD707E}.Debug|Any CPU.Build.0 = Debug|Any CPU
		{0547D4D9-B5A7-4E6E-B059-46FDA1FD707E}.Release|Any CPU.ActiveCfg = Release|Any CPU
		{0547D4D9-B5A7-4E6E-B059-46FDA1FD707E}.Release|Any CPU.Build.0 = Release|Any CPU
		{21743FFF-B9FB-421B-B50A-BA71EFFA7ED9}.Debug|Any CPU.ActiveCfg = Debug|Any CPU
		{21743FFF-B9FB-421B-B50A-BA71EFFA7ED9}.Debug|Any CPU.Build.0 = Debug|Any CPU
		{21743FFF-B9FB-421B-B50A-BA71EFFA7ED9}.Release|Any CPU.ActiveCfg = Release|Any CPU
		{21743FFF-B9FB-421B-B50A-BA71EFFA7ED9}.Release|Any CPU.Build.0 = Release|Any CPU
	EndGlobalSection
	GlobalSection(SolutionProperties) = preSolution
		HideSolutionNode = FALSE
	EndGlobalSection
	GlobalSection(ExtensibilityGlobals) = postSolution
		SolutionGuid = {3A8AF0FD-B7AF-49F5-9905-75648398C9DE}
	EndGlobalSection
EndGlobal
